
Microsoft Visual Studio Solution File, Format Version 12.00
# Visual Studio Version 17
VisualStudioVersion = 17.0.31903.59
MinimumVisualStudioVersion = 10.0.40219.1
Project("{9A19103F-16F7-4668-BE54-9A1E7A4F7556}") = "TrackerLibrary", "TrackerLibrary\TrackerLibrary.csproj", "{B87A2328-4BAE-4E74-8063-77E0DB9528CB}"
EndProject
Project("{FAE04EC0-301F-11D3-BF4B-00C04F79EFBC}") = "TrackerUI", "TrackerUI\TrackerUI.csproj", "{A5651C2E-EB0C-4ECE-9953-6D1BAB69229D}"
EndProject
Global
	GlobalSection(SolutionConfigurationPlatforms) = preSolution
		Debug|Any CPU = Debug|Any CPU
		Release|Any CPU = Release|Any CPU
	EndGlobalSection
	GlobalSection(ProjectConfigurationPlatforms) = postSolution
		{B87A2328-4BAE-4E74-8063-77E0DB9528CB}.Debug|Any CPU.ActiveCfg = Debug|Any CPU
		{B87A2328-4BAE-4E74-8063-77E0DB9528CB}.Debug|Any CPU.Build.0 = Debug|Any CPU
		{B87A2328-4BAE-4E74-8063-77E0DB9528CB}.Release|Any CPU.ActiveCfg = Release|Any CPU
		{B87A2328-4BAE-4E74-8063-77E0DB9528CB}.Release|Any CPU.Build.0 = Release|Any CPU
		{A5651C2E-EB0C-4ECE-9953-6D1BAB69229D}.Debug|Any CPU.ActiveCfg = Debug|Any CPU
		{A5651C2E-EB0C-4ECE-9953-6D1BAB69229D}.Debug|Any CPU.Build.0 = Debug|Any CPU
		{A5651C2E-EB0C-4ECE-9953-6D1BAB69229D}.Release|Any CPU.ActiveCfg = Release|Any CPU
		{A5651C2E-EB0C-4ECE-9953-6D1BAB69229D}.Release|Any CPU.Build.0 = Release|Any CPU
	EndGlobalSection
	GlobalSection(SolutionProperties) = preSolution
		HideSolutionNode = FALSE
	EndGlobalSection
	GlobalSection(ExtensibilityGlobals) = postSolution
		SolutionGuid = {E2C0D9C4-58FC-4058-A286-E9D6DAABCFDD}
	EndGlobalSection
EndGlobal
